PODS:
  - QVCommonKit (0.9.7):
    - QVCommonKit/Core (= 0.9.7)
    - QVCommonKit/Zip (= 0.9.7)
  - QVCommonKit/Core (0.9.7)
  - QVCommonKit/Zip (0.9.7)

DEPENDENCIES:
  - QVCommonKit (from `../`)

EXTERNAL SOURCES:
  QVCommonKit:
    :path: "../"

SPEC CHECKSUMS:
  QVCommonKit: 8dc64499e4451e96fe35ee30f7ac81dd4572e60b

PODFILE CHECKSUM: 2337921677b7443288aaf00fd7809614a38a4060

COCOAPODS: 1.9.2
